
Microsoft Visual Studio Solution File, Format Version 12.00
# Visual Studio Version 17
VisualStudioVersion = 17.13.35825.156 d17.13
MinimumVisualStudioVersion = 10.0.40219.1
Project("{FAE04EC0-301F-11D3-BF4B-00C04F79EFBC}") = "CustomerOrders.Domain", "CustomerOrders.Domain\CustomerOrders.Domain.csproj", "{0C91DB86-7237-4ADE-80E5-D20E4727A016}"
EndProject
Project("{FAE04EC0-301F-11D3-BF4B-00C04F79EFBC}") = "CustomerOrders.Application", "CustomerOrders.Application\CustomerOrders.Application.csproj", "{1A2A5D90-A59F-4C88-8781-7E6D210AA6F2}"
EndProject
Project("{FAE04EC0-301F-11D3-BF4B-00C04F79EFBC}") = "CustomerOrders.Infrastructure", "CustomerOrders.Infrastructure\CustomerOrders.Infrastructure.csproj", "{D697ECC1-8FD5-48A7-9EAE-BB82A7238A2A}"
EndProject
Project("{FAE04EC0-301F-11D3-BF4B-00C04F79EFBC}") = "CustomerOrders.Presentation", "CustomerOrders.Presentation\CustomerOrders.Presentation.csproj", "{97BD2A12-883D-4202-89B8-65445361993B}"
EndProject
Project("{FAE04EC0-301F-11D3-BF4B-00C04F79EFBC}") = "CustomerOrders.Tests", "CustomerOrders.Tests\CustomerOrders.Tests.csproj", "{6FADFC99-9E40-33A9-C90F-FFA8971B4F38}"
EndProject
Global
	GlobalSection(SolutionConfigurationPlatforms) = preSolution
		Debug|Any CPU = Debug|Any CPU
		Release|Any CPU = Release|Any CPU
	EndGlobalSection
	GlobalSection(ProjectConfigurationPlatforms) = postSolution
		{0C91DB86-7237-4ADE-80E5-D20E4727A016}.Debug|Any CPU.ActiveCfg = Debug|Any CPU
		{0C91DB86-7237-4ADE-80E5-D20E4727A016}.Debug|Any CPU.Build.0 = Debug|Any CPU
		{0C91DB86-7237-4ADE-80E5-D20E4727A016}.Release|Any CPU.ActiveCfg = Release|Any CPU
		{0C91DB86-7237-4ADE-80E5-D20E4727A016}.Release|Any CPU.Build.0 = Release|Any CPU
		{1A2A5D90-A59F-4C88-8781-7E6D210AA6F2}.Debug|Any CPU.ActiveCfg = Debug|Any CPU
		{1A2A5D90-A59F-4C88-8781-7E6D210AA6F2}.Debug|Any CPU.Build.0 = Debug|Any CPU
		{1A2A5D90-A59F-4C88-8781-7E6D210AA6F2}.Release|Any CPU.ActiveCfg = Release|Any CPU
		{1A2A5D90-A59F-4C88-8781-7E6D210AA6F2}.Release|Any CPU.Build.0 = Release|Any CPU
		{D697ECC1-8FD5-48A7-9EAE-BB82A7238A2A}.Debug|Any CPU.ActiveCfg = Debug|Any CPU
		{D697ECC1-8FD5-48A7-9EAE-BB82A7238A2A}.Debug|Any CPU.Build.0 = Debug|Any CPU
		{D697ECC1-8FD5-48A7-9EAE-BB82A7238A2A}.Release|Any CPU.ActiveCfg = Release|Any CPU
		{D697ECC1-8FD5-48A7-9EAE-BB82A7238A2A}.Release|Any CPU.Build.0 = Release|Any CPU
		{97BD2A12-883D-4202-89B8-65445361993B}.Debug|Any CPU.ActiveCfg = Debug|Any CPU
		{97BD2A12-883D-4202-89B8-65445361993B}.Debug|Any CPU.Build.0 = Debug|Any CPU
		{97BD2A12-883D-4202-89B8-65445361993B}.Release|Any CPU.ActiveCfg = Release|Any CPU
		{97BD2A12-883D-4202-89B8-65445361993B}.Release|Any CPU.Build.0 = Release|Any CPU
		{6FADFC99-9E40-33A9-C90F-FFA8971B4F38}.Debug|Any CPU.ActiveCfg = Debug|Any CPU
		{6FADFC99-9E40-33A9-C90F-FFA8971B4F38}.Debug|Any CPU.Build.0 = Debug|Any CPU
		{6FADFC99-9E40-33A9-C90F-FFA8971B4F38}.Release|Any CPU.ActiveCfg = Release|Any CPU
		{6FADFC99-9E40-33A9-C90F-FFA8971B4F38}.Release|Any CPU.Build.0 = Release|Any CPU
	EndGlobalSection
	GlobalSection(SolutionProperties) = preSolution
		HideSolutionNode = FALSE
	EndGlobalSection
	GlobalSection(ExtensibilityGlobals) = postSolution
		SolutionGuid = {B94CB4B3-57D5-4AA1-A16B-6C454DFCA13C}
	EndGlobalSection
EndGlobal
